
Microsoft Visual Studio Solution File, Format Version 12.00
# Visual Studio Version 16
VisualStudioVersion = 16.0.29519.87
MinimumVisualStudioVersion = 10.0.40219.1
Project("{9A19103F-16F7-4668-BE54-9A1E7A4F7556}") = "TimeAndBilling", "TimeAndBilling\TimeAndBilling.csproj", "{C8F367AB-1FD6-4E0F-9AED-ED54B3687EF2}"
EndProject
Global
	GlobalSection(SolutionConfigurationPlatforms) = preSolution
		Debug|Any CPU = Debug|Any CPU
		Release|Any CPU = Release|Any CPU
	EndGlobalSection
	GlobalSection(ProjectConfigurationPlatforms) = postSolution
		{C8F367AB-1FD6-4E0F-9AED-ED54B3687EF2}.Debug|Any CPU.ActiveCfg = Debug|Any CPU
		{C8F367AB-1FD6-4E0F-9AED-ED54B3687EF2}.Debug|Any CPU.Build.0 = Debug|Any CPU
		{C8F367AB-1FD6-4E0F-9AED-ED54B3687EF2}.Release|Any CPU.ActiveCfg = Release|Any CPU
		{C8F367AB-1FD6-4E0F-9AED-ED54B3687EF2}.Release|Any CPU.Build.0 = Release|Any CPU
	EndGlobalSection
	GlobalSection(SolutionProperties) = preSolution
		HideSolutionNode = FALSE
	EndGlobalSection
	GlobalSection(ExtensibilityGlobals) = postSolution
		SolutionGuid = {3632EC9A-C3B0-4004-9AE4-8F3892E73714}
	EndGlobalSection
EndGlobal
